# THIS IS AN AUTOGENERATED FILE. DO NOT EDIT THIS FILE DIRECTLY.
# yarn lockfile v1


circomlib@^2.0.2:
  version "2.0.2"
  resolved "https://registry.yarnpkg.com/circomlib/-/circomlib-2.0.2.tgz#98ebb2b98f50953623e6251d8e338ad33ec4a0d2"
  integrity sha512-hg6HnKAqAhx1NZc5kXuDOOgyOZYa6TQIKbITnuY7dgvBtIFPWh5aNRJhNUBrxrx+wHX3sZvhu0igmFKfaXoLsQ==
